
Microsoft Visual Studio Solution File, Format Version 12.00
# Visual Studio 15
VisualStudioVersion = 15.0.28307.645
MinimumVisualStudioVersion = 10.0.40219.1
Project("{FAE04EC0-301F-11D3-BF4B-00C04F79EFBC}") = "WebApplication_SS11_ReViewLayout", "WebApplication_SS11_ReViewLayout\WebApplication_SS11_ReViewLayout.csproj", "{237AD340-0D04-4B7A-941C-D003333DD69E}"
EndProject
Global
	GlobalSection(SolutionConfigurationPlatforms) = preSolution
		Debug|Any CPU = Debug|Any CPU
		Release|Any CPU = Release|Any CPU
	EndGlobalSection
	GlobalSection(ProjectConfigurationPlatforms) = postSolution
		{237AD340-0D04-4B7A-941C-D003333DD69E}.Debug|Any CPU.ActiveCfg = Debug|Any CPU
		{237AD340-0D04-4B7A-941C-D003333DD69E}.Debug|Any CPU.Build.0 = Debug|Any CPU
		{237AD340-0D04-4B7A-941C-D003333DD69E}.Release|Any CPU.ActiveCfg = Release|Any CPU
		{237AD340-0D04-4B7A-941C-D003333DD69E}.Release|Any CPU.Build.0 = Release|Any CPU
	EndGlobalSection
	GlobalSection(SolutionProperties) = preSolution
		HideSolutionNode = FALSE
	EndGlobalSection
	GlobalSection(ExtensibilityGlobals) = postSolution
		SolutionGuid = {D37A3E2A-41F6-4EC8-B169-CF2721B71305}
	EndGlobalSection
EndGlobal
